
Microsoft Visual Studio Solution File, Format Version 12.00
# Visual Studio 14
VisualStudioVersion = 14.0.25420.1
MinimumVisualStudioVersion = 10.0.40219.1
Project("{FAE04EC0-301F-11D3-BF4B-00C04F79EFBC}") = "RuxSchool", "RuxSchool\RuxSchool.csproj", "{7D8807BF-D3A6-4FED-B924-88ED849FF7C7}"
EndProject
Project("{FAE04EC0-301F-11D3-BF4B-00C04F79EFBC}") = "ShoolUI", "ShoolUI\ShoolUI.csproj", "{04FC8C64-2BD4-40D8-93B3-BD7E9063E51B}"
EndProject
Global
	GlobalSection(SolutionConfigurationPlatforms) = preSolution
		Debug|Any CPU = Debug|Any CPU
		Release|Any CPU = Release|Any CPU
	EndGlobalSection
	GlobalSection(ProjectConfigurationPlatforms) = postSolution
		{7D8807BF-D3A6-4FED-B924-88ED849FF7C7}.Debug|Any CPU.ActiveCfg = Debug|Any CPU
		{7D8807BF-D3A6-4FED-B924-88ED849FF7C7}.Debug|Any CPU.Build.0 = Debug|Any CPU
		{7D8807BF-D3A6-4FED-B924-88ED849FF7C7}.Release|Any CPU.ActiveCfg = Release|Any CPU
		{7D8807BF-D3A6-4FED-B924-88ED849FF7C7}.Release|Any CPU.Build.0 = Release|Any CPU
		{04FC8C64-2BD4-40D8-93B3-BD7E9063E51B}.Debug|Any CPU.ActiveCfg = Debug|Any CPU
		{04FC8C64-2BD4-40D8-93B3-BD7E9063E51B}.Debug|Any CPU.Build.0 = Debug|Any CPU
		{04FC8C64-2BD4-40D8-93B3-BD7E9063E51B}.Release|Any CPU.ActiveCfg = Release|Any CPU
		{04FC8C64-2BD4-40D8-93B3-BD7E9063E51B}.Release|Any CPU.Build.0 = Release|Any CPU
	EndGlobalSection
	GlobalSection(SolutionProperties) = preSolution
		HideSolutionNode = FALSE
	EndGlobalSection
EndGlobal
